{
  "name": "cafeStore",
  "lockfileVersion": 2,
  "requires": true,
  "packages": {
    "": {
      "dependencies": {
        "@mui/material": "^5.11.16"
      }
    },
    "node_modules/@babel/runtime": {
      "version": "7.21.0",
      "license": "MIT",
      "dependencies": {
        "regenerator-runtime": "^0.13.11"
      },
      "engines": {
        "node": ">=6.9.0"
      }
    },
    "node_modules/@emotion/cache": {
      "version": "11.10.7",
      "resolved": "https://registry.npmjs.org/@emotion/cache/-/cache-11.10.7.tgz",
      "integrity": "sha512-VLl1/2D6LOjH57Y8Vem1RoZ9haWF4jesHDGiHtKozDQuBIkJm2gimVo0I02sWCuzZtVACeixTVB4jeE8qvCBoQ==",
      "dependencies": {
        "@emotion/memoize": "^0.8.0",
        "@emotion/sheet": "^1.2.1",
        "@emotion/utils": "^1.2.0",
        "@emotion/weak-memoize": "^0.3.0",
        "stylis": "4.1.3"
      }
    },
    "node_modules/@emotion/is-prop-valid": {
      "version": "1.2.0",
      "resolved": "https://registry.npmjs.org/@emotion/is-prop-valid/-/is-prop-valid-1.2.0.tgz",
      "integrity": "sha512-3aDpDprjM0AwaxGE09bOPkNxHpBd+kA6jty3RnaEXdweX1DF1U3VQpPYb0g1IStAuK7SVQ1cy+bNBBKp4W3Fjg==",
      "dependencies": {
        "@emotion/memoize": "^0.8.0"
      }
    },
    "node_modules/@emotion/memoize": {
      "version": "0.8.0",
      "resolved": "https://registry.npmjs.org/@emotion/memoize/-/memoize-0.8.0.tgz",
      "integrity": "sha512-G/YwXTkv7Den9mXDO7AhLWkE3q+I92B+VqAE+dYG4NGPaHZGvt3G8Q0p9vmE+sq7rTGphUbAvmQ9YpbfMQGGlA=="
    },
    "node_modules/@emotion/sheet": {
      "version": "1.2.1",
      "resolved": "https://registry.npmjs.org/@emotion/sheet/-/sheet-1.2.1.tgz",
      "integrity": "sha512-zxRBwl93sHMsOj4zs+OslQKg/uhF38MB+OMKoCrVuS0nyTkqnau+BM3WGEoOptg9Oz45T/aIGs1qbVAsEFo3nA=="
    },
    "node_modules/@emotion/utils": {
      "version": "1.2.0",
      "resolved": "https://registry.npmjs.org/@emotion/utils/-/utils-1.2.0.tgz",
      "integrity": "sha512-sn3WH53Kzpw8oQ5mgMmIzzyAaH2ZqFEbozVVBSYp538E06OSE6ytOp7pRAjNQR+Q/orwqdQYJSe2m3hCOeznkw=="
    },
    "node_modules/@emotion/weak-memoize": {
      "version": "0.3.0",
      "resolved": "https://registry.npmjs.org/@emotion/weak-memoize/-/weak-memoize-0.3.0.tgz",
      "integrity": "sha512-AHPmaAx+RYfZz0eYu6Gviiagpmiyw98ySSlQvCUhVGDRtDFe4DBS0x1bSjdF3gqUDYOczB+yYvBTtEylYSdRhg=="
    },
    "node_modules/@mui/base": {
      "version": "5.0.0-alpha.124",
      "resolved": "https://registry.npmjs.org/@mui/base/-/base-5.0.0-alpha.124.tgz",
      "integrity": "sha512-I6M+FrjRCybQCr8I8JTu6L2MkUobSQFgNIpOJyDNKL5zq/73LvZIQXvsKumAzthVGvI1PYaarM9vGDrDYbumKA==",
      "dependencies": {
        "@babel/runtime": "^7.21.0",
        "@emotion/is-prop-valid": "^1.2.0",
        "@mui/types": "^7.2.3",
        "@mui/utils": "^5.11.13",
        "@popperjs/core": "^2.11.7",
        "clsx": "^1.2.1",
        "prop-types": "^15.8.1",
        "react-is": "^18.2.0"
      },
      "engines": {
        "node": ">=12.0.0"
      },
      "funding": {
        "type": "opencollective",
        "url": "https://opencollective.com/mui"
      },
      "peerDependencies": {
        "@types/react": "^17.0.0 || ^18.0.0",
        "react": "^17.0.0 || ^18.0.0",
        "react-dom": "^17.0.0 || ^18.0.0"
      },
      "peerDependenciesMeta": {
        "@types/react": {
          "optional": true
        }
      }
    },
    "node_modules/@mui/base/node_modules/react-is": {
      "version": "18.2.0",
      "resolved": "https://registry.npmjs.org/react-is/-/react-is-18.2.0.tgz",
      "integrity": "sha512-xWGDIW6x921xtzPkhiULtthJHoJvBbF3q26fzloPCK0hsvxtPVelvftw3zjbHWSkR2km9Z+4uxbDDK/6Zw9B8w=="
    },
    "node_modules/@mui/core-downloads-tracker": {
      "version": "5.11.16",
      "resolved": "https://registry.npmjs.org/@mui/core-downloads-tracker/-/core-downloads-tracker-5.11.16.tgz",
      "integrity": "sha512-GxRfZ/HquQ/1nUc9qQVGReP6oOMS8/3QjPJ+23a7TMrxl2wjlmXrMNn7tRa30vZcGcDgEG+J0aseefUN0AoawQ==",
      "funding": {
        "type": "opencollective",
        "url": "https://opencollective.com/mui"
      }
    },
    "node_modules/@mui/material": {
      "version": "5.11.16",
      "resolved": "https://registry.npmjs.org/@mui/material/-/material-5.11.16.tgz",
      "integrity": "sha512-++glQqbZ3rMzOWB77yOvqRG+k8+scYTUKVWZpWff+GWsf6L10g9L2wgRhhAS8bDLuxCbXZlPNbSZowXDDw6z6Q==",
      "dependencies": {
        "@babel/runtime": "^7.21.0",
        "@mui/base": "5.0.0-alpha.124",
        "@mui/core-downloads-tracker": "^5.11.16",
        "@mui/system": "^5.11.16",
        "@mui/types": "^7.2.3",
        "@mui/utils": "^5.11.13",
        "@types/react-transition-group": "^4.4.5",
        "clsx": "^1.2.1",
        "csstype": "^3.1.2",
        "prop-types": "^15.8.1",
        "react-is": "^18.2.0",
        "react-transition-group": "^4.4.5"
      },
      "engines": {
        "node": ">=12.0.0"
      },
      "funding": {
        "type": "opencollective",
        "url": "https://opencollective.com/mui"
      },
      "peerDependencies": {
        "@emotion/react": "^11.5.0",
        "@emotion/styled": "^11.3.0",
        "@types/react": "^17.0.0 || ^18.0.0",
        "react": "^17.0.0 || ^18.0.0",
        "react-dom": "^17.0.0 || ^18.0.0"
      },
      "peerDependenciesMeta": {
        "@emotion/react": {
          "optional": true
        },
        "@emotion/styled": {
          "optional": true
        },
        "@types/react": {
          "optional": true
        }
      }
    },
    "node_modules/@mui/material/node_modules/react-is": {
      "version": "18.2.0",
      "resolved": "https://registry.npmjs.org/react-is/-/react-is-18.2.0.tgz",
      "integrity": "sha512-xWGDIW6x921xtzPkhiULtthJHoJvBbF3q26fzloPCK0hsvxtPVelvftw3zjbHWSkR2km9Z+4uxbDDK/6Zw9B8w=="
    },
    "node_modules/@mui/private-theming": {
      "version": "5.11.13",
      "resolved": "https://registry.npmjs.org/@mui/private-theming/-/private-theming-5.11.13.tgz",
      "integrity": "sha512-PJnYNKzW5LIx3R+Zsp6WZVPs6w5sEKJ7mgLNnUXuYB1zo5aX71FVLtV7geyPXRcaN2tsoRNK7h444ED0t7cIjA==",
      "dependencies": {
        "@babel/runtime": "^7.21.0",
        "@mui/utils": "^5.11.13",
        "prop-types": "^15.8.1"
      },
      "engines": {
        "node": ">=12.0.0"
      },
      "funding": {
        "type": "opencollective",
        "url": "https://opencollective.com/mui"
      },
      "peerDependencies": {
        "@types/react": "^17.0.0 || ^18.0.0",
        "react": "^17.0.0 || ^18.0.0"
      },
      "peerDependenciesMeta": {
        "@types/react": {
          "optional": true
        }
      }
    },
    "node_modules/@mui/styled-engine": {
      "version": "5.11.16",
      "resolved": "https://registry.npmjs.org/@mui/styled-engine/-/styled-engine-5.11.16.tgz",
      "integrity": "sha512-8dJRR/LqtGGaZN21p1vU9euwrKERlgtQIWyuzBKZ8/cuSlW5rIzlp46liP+Uh0+7d9NcHU0H4hBMoPt3ax64PA==",
      "dependencies": {
        "@babel/runtime": "^7.21.0",
        "@emotion/cache": "^11.10.5",
        "csstype": "^3.1.2",
        "prop-types": "^15.8.1"
      },
      "engines": {
        "node": ">=12.0.0"
      },
      "funding": {
        "type": "opencollective",
        "url": "https://opencollective.com/mui"
      },
      "peerDependencies": {
        "@emotion/react": "^11.4.1",
        "@emotion/styled": "^11.3.0",
        "react": "^17.0.0 || ^18.0.0"
      },
      "peerDependenciesMeta": {
        "@emotion/react": {
          "optional": true
        },
        "@emotion/styled": {
          "optional": true
        }
      }
    },
    "node_modules/@mui/system": {
      "version": "5.11.16",
      "resolved": "https://registry.npmjs.org/@mui/system/-/system-5.11.16.tgz",
      "integrity": "sha512-JY7CNm7ik2Gr4kQpz1+C9N/f4ET3QjVBo/iaHcmlSOgjdxnOzFbv+vCdb1DMzBGew+UbqckppZpZwbgbrBE2Rw==",
      "dependencies": {
        "@babel/runtime": "^7.21.0",
        "@mui/private-theming": "^5.11.13",
        "@mui/styled-engine": "^5.11.16",
        "@mui/types": "^7.2.3",
        "@mui/utils": "^5.11.13",
        "clsx": "^1.2.1",
        "csstype": "^3.1.2",
        "prop-types": "^15.8.1"
      },
      "engines": {
        "node": ">=12.0.0"
      },
      "funding": {
        "type": "opencollective",
        "url": "https://opencollective.com/mui"
      },
      "peerDependencies": {
        "@emotion/react": "^11.5.0",
        "@emotion/styled": "^11.3.0",
        "@types/react": "^17.0.0 || ^18.0.0",
        "react": "^17.0.0 || ^18.0.0"
      },
      "peerDependenciesMeta": {
        "@emotion/react": {
          "optional": true
        },
        "@emotion/styled": {
          "optional": true
        },
        "@types/react": {
          "optional": true
        }
      }
    },
    "node_modules/@mui/types": {
      "version": "7.2.3",
      "resolved": "https://registry.npmjs.org/@mui/types/-/types-7.2.3.tgz",
      "integrity": "sha512-tZ+CQggbe9Ol7e/Fs5RcKwg/woU+o8DCtOnccX6KmbBc7YrfqMYEYuaIcXHuhpT880QwNkZZ3wQwvtlDFA2yOw==",
      "peerDependencies": {
        "@types/react": "*"
      },
      "peerDependenciesMeta": {
        "@types/react": {
          "optional": true
        }
      }
    },
    "node_modules/@mui/utils": {
      "version": "5.11.13",
      "resolved": "https://registry.npmjs.org/@mui/utils/-/utils-5.11.13.tgz",
      "integrity": "sha512-5ltA58MM9euOuUcnvwFJqpLdEugc9XFsRR8Gt4zZNb31XzMfSKJPR4eumulyhsOTK1rWf7K4D63NKFPfX0AxqA==",
      "dependencies": {
        "@babel/runtime": "^7.21.0",
        "@types/prop-types": "^15.7.5",
        "@types/react-is": "^16.7.1 || ^17.0.0",
        "prop-types": "^15.8.1",
        "react-is": "^18.2.0"
      },
      "engines": {
        "node": ">=12.0.0"
      },
      "funding": {
        "type": "opencollective",
        "url": "https://opencollective.com/mui"
      },
      "peerDependencies": {
        "react": "^17.0.0 || ^18.0.0"
      }
    },
    "node_modules/@mui/utils/node_modules/react-is": {
      "version": "18.2.0",
      "resolved": "https://registry.npmjs.org/react-is/-/react-is-18.2.0.tgz",
      "integrity": "sha512-xWGDIW6x921xtzPkhiULtthJHoJvBbF3q26fzloPCK0hsvxtPVelvftw3zjbHWSkR2km9Z+4uxbDDK/6Zw9B8w=="
    },
    "node_modules/@popperjs/core": {
      "version": "2.11.7",
      "license": "MIT",
      "funding": {
        "type": "opencollective",
        "url": "https://opencollective.com/popperjs"
      }
    },
    "node_modules/@types/prop-types": {
      "version": "15.7.5",
      "license": "MIT"
    },
    "node_modules/@types/react": {
      "version": "18.0.28",
      "license": "MIT",
      "dependencies": {
        "@types/prop-types": "*",
        "@types/scheduler": "*",
        "csstype": "^3.0.2"
      }
    },
    "node_modules/@types/react-is": {
      "version": "17.0.3",
      "resolved": "https://registry.npmjs.org/@types/react-is/-/react-is-17.0.3.tgz",
      "integrity": "sha512-aBTIWg1emtu95bLTLx0cpkxwGW3ueZv71nE2YFBpL8k/z5czEW8yYpOo8Dp+UUAFAtKwNaOsh/ioSeQnWlZcfw==",
      "dependencies": {
        "@types/react": "*"
      }
    },
    "node_modules/@types/react-transition-group": {
      "version": "4.4.5",
      "license": "MIT",
      "dependencies": {
        "@types/react": "*"
      }
    },
    "node_modules/@types/scheduler": {
      "version": "0.16.2",
      "license": "MIT"
    },
    "node_modules/clsx": {
      "version": "1.2.1",
      "resolved": "https://registry.npmjs.org/clsx/-/clsx-1.2.1.tgz",
      "integrity": "sha512-EcR6r5a8bj6pu3ycsa/E/cKVGuTgZJZdsyUYHOksG/UHIiKfjxzRxYJpyVBwYaQeOvghal9fcc4PidlgzugAQg==",
      "engines": {
        "node": ">=6"
      }
    },
    "node_modules/csstype": {
      "version": "3.1.2",
      "resolved": "https://registry.npmjs.org/csstype/-/csstype-3.1.2.tgz",
      "integrity": "sha512-I7K1Uu0MBPzaFKg4nI5Q7Vs2t+3gWWW648spaF+Rg7pI9ds18Ugn+lvg4SHczUdKlHI5LWBXyqfS8+DufyBsgQ=="
    },
    "node_modules/dom-helpers": {
      "version": "5.2.1",
      "license": "MIT",
      "dependencies": {
        "@babel/runtime": "^7.8.7",
        "csstype": "^3.0.2"
      }
    },
    "node_modules/js-tokens": {
      "version": "4.0.0",
      "license": "MIT"
    },
    "node_modules/loose-envify": {
      "version": "1.4.0",
      "license": "MIT",
      "dependencies": {
        "js-tokens": "^3.0.0 || ^4.0.0"
      },
      "bin": {
        "loose-envify": "cli.js"
      }
    },
    "node_modules/object-assign": {
      "version": "4.1.1",
      "license": "MIT",
      "engines": {
        "node": ">=0.10.0"
      }
    },
    "node_modules/prop-types": {
      "version": "15.8.1",
      "license": "MIT",
      "dependencies": {
        "loose-envify": "^1.4.0",
        "object-assign": "^4.1.1",
        "react-is": "^16.13.1"
      }
    },
    "node_modules/prop-types/node_modules/react-is": {
      "version": "16.13.1",
      "license": "MIT"
    },
    "node_modules/react": {
      "version": "18.2.0",
      "license": "MIT",
      "peer": true,
      "dependencies": {
        "loose-envify": "^1.1.0"
      },
      "engines": {
        "node": ">=0.10.0"
      }
    },
    "node_modules/react-dom": {
      "version": "18.2.0",
      "license": "MIT",
      "peer": true,
      "dependencies": {
        "loose-envify": "^1.1.0",
        "scheduler": "^0.23.0"
      },
      "peerDependencies": {
        "react": "^18.2.0"
      }
    },
    "node_modules/react-transition-group": {
      "version": "4.4.5",
      "license": "BSD-3-Clause",
      "dependencies": {
        "@babel/runtime": "^7.5.5",
        "dom-helpers": "^5.0.1",
        "loose-envify": "^1.4.0",
        "prop-types": "^15.6.2"
      },
      "peerDependencies": {
        "react": ">=16.6.0",
        "react-dom": ">=16.6.0"
      }
    },
    "node_modules/regenerator-runtime": {
      "version": "0.13.11",
      "license": "MIT"
    },
    "node_modules/scheduler": {
      "version": "0.23.0",
      "license": "MIT",
      "peer": true,
      "dependencies": {
        "loose-envify": "^1.1.0"
      }
    },
    "node_modules/stylis": {
      "version": "4.1.3",
      "resolved": "https://registry.npmjs.org/stylis/-/stylis-4.1.3.tgz",
      "integrity": "sha512-GP6WDNWf+o403jrEp9c5jibKavrtLW+/qYGhFxFrG8maXhwTBI7gLLhiBb0o7uFccWN+EOS9aMO6cGHWAO07OA=="
    }
  },
  "dependencies": {
    "@babel/runtime": {
      "version": "7.21.0",
      "requires": {
        "regenerator-runtime": "^0.13.11"
      }
    },
    "@emotion/cache": {
      "version": "11.10.7",
      "resolved": "https://registry.npmjs.org/@emotion/cache/-/cache-11.10.7.tgz",
      "integrity": "sha512-VLl1/2D6LOjH57Y8Vem1RoZ9haWF4jesHDGiHtKozDQuBIkJm2gimVo0I02sWCuzZtVACeixTVB4jeE8qvCBoQ==",
      "requires": {
        "@emotion/memoize": "^0.8.0",
        "@emotion/sheet": "^1.2.1",
        "@emotion/utils": "^1.2.0",
        "@emotion/weak-memoize": "^0.3.0",
        "stylis": "4.1.3"
      }
    },
    "@emotion/is-prop-valid": {
      "version": "1.2.0",
      "resolved": "https://registry.npmjs.org/@emotion/is-prop-valid/-/is-prop-valid-1.2.0.tgz",
      "integrity": "sha512-3aDpDprjM0AwaxGE09bOPkNxHpBd+kA6jty3RnaEXdweX1DF1U3VQpPYb0g1IStAuK7SVQ1cy+bNBBKp4W3Fjg==",
      "requires": {
        "@emotion/memoize": "^0.8.0"
      }
    },
    "@emotion/memoize": {
      "version": "0.8.0",
      "resolved": "https://registry.npmjs.org/@emotion/memoize/-/memoize-0.8.0.tgz",
      "integrity": "sha512-G/YwXTkv7Den9mXDO7AhLWkE3q+I92B+VqAE+dYG4NGPaHZGvt3G8Q0p9vmE+sq7rTGphUbAvmQ9YpbfMQGGlA=="
    },
    "@emotion/sheet": {
      "version": "1.2.1",
      "resolved": "https://registry.npmjs.org/@emotion/sheet/-/sheet-1.2.1.tgz",
      "integrity": "sha512-zxRBwl93sHMsOj4zs+OslQKg/uhF38MB+OMKoCrVuS0nyTkqnau+BM3WGEoOptg9Oz45T/aIGs1qbVAsEFo3nA=="
    },
    "@emotion/utils": {
      "version": "1.2.0",
      "resolved": "https://registry.npmjs.org/@emotion/utils/-/utils-1.2.0.tgz",
      "integrity": "sha512-sn3WH53Kzpw8oQ5mgMmIzzyAaH2ZqFEbozVVBSYp538E06OSE6ytOp7pRAjNQR+Q/orwqdQYJSe2m3hCOeznkw=="
    },
    "@emotion/weak-memoize": {
      "version": "0.3.0",
      "resolved": "https://registry.npmjs.org/@emotion/weak-memoize/-/weak-memoize-0.3.0.tgz",
      "integrity": "sha512-AHPmaAx+RYfZz0eYu6Gviiagpmiyw98ySSlQvCUhVGDRtDFe4DBS0x1bSjdF3gqUDYOczB+yYvBTtEylYSdRhg=="
    },
    "@mui/base": {
      "version": "5.0.0-alpha.124",
      "resolved": "https://registry.npmjs.org/@mui/base/-/base-5.0.0-alpha.124.tgz",
      "integrity": "sha512-I6M+FrjRCybQCr8I8JTu6L2MkUobSQFgNIpOJyDNKL5zq/73LvZIQXvsKumAzthVGvI1PYaarM9vGDrDYbumKA==",
      "requires": {
        "@babel/runtime": "^7.21.0",
        "@emotion/is-prop-valid": "^1.2.0",
        "@mui/types": "^7.2.3",
        "@mui/utils": "^5.11.13",
        "@popperjs/core": "^2.11.7",
        "clsx": "^1.2.1",
        "prop-types": "^15.8.1",
        "react-is": "^18.2.0"
      },
      "dependencies": {
        "react-is": {
          "version": "18.2.0",
          "resolved": "https://registry.npmjs.org/react-is/-/react-is-18.2.0.tgz",
          "integrity": "sha512-xWGDIW6x921xtzPkhiULtthJHoJvBbF3q26fzloPCK0hsvxtPVelvftw3zjbHWSkR2km9Z+4uxbDDK/6Zw9B8w=="
        }
      }
    },
    "@mui/core-downloads-tracker": {
      "version": "5.11.16",
      "resolved": "https://registry.npmjs.org/@mui/core-downloads-tracker/-/core-downloads-tracker-5.11.16.tgz",
      "integrity": "sha512-GxRfZ/HquQ/1nUc9qQVGReP6oOMS8/3QjPJ+23a7TMrxl2wjlmXrMNn7tRa30vZcGcDgEG+J0aseefUN0AoawQ=="
    },
    "@mui/material": {
      "version": "5.11.16",
      "resolved": "https://registry.npmjs.org/@mui/material/-/material-5.11.16.tgz",
      "integrity": "sha512-++glQqbZ3rMzOWB77yOvqRG+k8+scYTUKVWZpWff+GWsf6L10g9L2wgRhhAS8bDLuxCbXZlPNbSZowXDDw6z6Q==",
      "requires": {
        "@babel/runtime": "^7.21.0",
        "@mui/base": "5.0.0-alpha.124",
        "@mui/core-downloads-tracker": "^5.11.16",
        "@mui/system": "^5.11.16",
        "@mui/types": "^7.2.3",
        "@mui/utils": "^5.11.13",
        "@types/react-transition-group": "^4.4.5",
        "clsx": "^1.2.1",
        "csstype": "^3.1.2",
        "prop-types": "^15.8.1",
        "react-is": "^18.2.0",
        "react-transition-group": "^4.4.5"
      },
      "dependencies": {
        "react-is": {
          "version": "18.2.0",
          "resolved": "https://registry.npmjs.org/react-is/-/react-is-18.2.0.tgz",
          "integrity": "sha512-xWGDIW6x921xtzPkhiULtthJHoJvBbF3q26fzloPCK0hsvxtPVelvftw3zjbHWSkR2km9Z+4uxbDDK/6Zw9B8w=="
        }
      }
    },
    "@mui/private-theming": {
      "version": "5.11.13",
      "resolved": "https://registry.npmjs.org/@mui/private-theming/-/private-theming-5.11.13.tgz",
      "integrity": "sha512-PJnYNKzW5LIx3R+Zsp6WZVPs6w5sEKJ7mgLNnUXuYB1zo5aX71FVLtV7geyPXRcaN2tsoRNK7h444ED0t7cIjA==",
      "requires": {
        "@babel/runtime": "^7.21.0",
        "@mui/utils": "^5.11.13",
        "prop-types": "^15.8.1"
      }
    },
    "@mui/styled-engine": {
      "version": "5.11.16",
      "resolved": "https://registry.npmjs.org/@mui/styled-engine/-/styled-engine-5.11.16.tgz",
      "integrity": "sha512-8dJRR/LqtGGaZN21p1vU9euwrKERlgtQIWyuzBKZ8/cuSlW5rIzlp46liP+Uh0+7d9NcHU0H4hBMoPt3ax64PA==",
      "requires": {
        "@babel/runtime": "^7.21.0",
        "@emotion/cache": "^11.10.5",
        "csstype": "^3.1.2",
        "prop-types": "^15.8.1"
      }
    },
    "@mui/system": {
      "version": "5.11.16",
      "resolved": "https://registry.npmjs.org/@mui/system/-/system-5.11.16.tgz",
      "integrity": "sha512-JY7CNm7ik2Gr4kQpz1+C9N/f4ET3QjVBo/iaHcmlSOgjdxnOzFbv+vCdb1DMzBGew+UbqckppZpZwbgbrBE2Rw==",
      "requires": {
        "@babel/runtime": "^7.21.0",
        "@mui/private-theming": "^5.11.13",
        "@mui/styled-engine": "^5.11.16",
        "@mui/types": "^7.2.3",
        "@mui/utils": "^5.11.13",
        "clsx": "^1.2.1",
        "csstype": "^3.1.2",
        "prop-types": "^15.8.1"
      }
    },
    "@mui/types": {
      "version": "7.2.3",
      "resolved": "https://registry.npmjs.org/@mui/types/-/types-7.2.3.tgz",
      "integrity": "sha512-tZ+CQggbe9Ol7e/Fs5RcKwg/woU+o8DCtOnccX6KmbBc7YrfqMYEYuaIcXHuhpT880QwNkZZ3wQwvtlDFA2yOw==",
      "requires": {}
    },
    "@mui/utils": {
      "version": "5.11.13",
      "resolved": "https://registry.npmjs.org/@mui/utils/-/utils-5.11.13.tgz",
      "integrity": "sha512-5ltA58MM9euOuUcnvwFJqpLdEugc9XFsRR8Gt4zZNb31XzMfSKJPR4eumulyhsOTK1rWf7K4D63NKFPfX0AxqA==",
      "requires": {
        "@babel/runtime": "^7.21.0",
        "@types/prop-types": "^15.7.5",
        "@types/react-is": "^16.7.1 || ^17.0.0",
        "prop-types": "^15.8.1",
        "react-is": "^18.2.0"
      },
      "dependencies": {
        "react-is": {
          "version": "18.2.0",
          "resolved": "https://registry.npmjs.org/react-is/-/react-is-18.2.0.tgz",
          "integrity": "sha512-xWGDIW6x921xtzPkhiULtthJHoJvBbF3q26fzloPCK0hsvxtPVelvftw3zjbHWSkR2km9Z+4uxbDDK/6Zw9B8w=="
        }
      }
    },
    "@popperjs/core": {
      "version": "2.11.7"
    },
    "@types/prop-types": {
      "version": "15.7.5"
    },
    "@types/react": {
      "version": "18.0.28",
      "requires": {
        "@types/prop-types": "*",
        "@types/scheduler": "*",
        "csstype": "^3.0.2"
      }
    },
    "@types/react-is": {
      "version": "17.0.3",
      "resolved": "https://registry.npmjs.org/@types/react-is/-/react-is-17.0.3.tgz",
      "integrity": "sha512-aBTIWg1emtu95bLTLx0cpkxwGW3ueZv71nE2YFBpL8k/z5czEW8yYpOo8Dp+UUAFAtKwNaOsh/ioSeQnWlZcfw==",
      "requires": {
        "@types/react": "*"
      }
    },
    "@types/react-transition-group": {
      "version": "4.4.5",
      "requires": {
        "@types/react": "*"
      }
    },
    "@types/scheduler": {
      "version": "0.16.2"
    },
    "clsx": {
      "version": "1.2.1",
      "resolved": "https://registry.npmjs.org/clsx/-/clsx-1.2.1.tgz",
      "integrity": "sha512-EcR6r5a8bj6pu3ycsa/E/cKVGuTgZJZdsyUYHOksG/UHIiKfjxzRxYJpyVBwYaQeOvghal9fcc4PidlgzugAQg=="
    },
    "csstype": {
      "version": "3.1.2",
      "resolved": "https://registry.npmjs.org/csstype/-/csstype-3.1.2.tgz",
      "integrity": "sha512-I7K1Uu0MBPzaFKg4nI5Q7Vs2t+3gWWW648spaF+Rg7pI9ds18Ugn+lvg4SHczUdKlHI5LWBXyqfS8+DufyBsgQ=="
    },
    "dom-helpers": {
      "version": "5.2.1",
      "requires": {
        "@babel/runtime": "^7.8.7",
        "csstype": "^3.0.2"
      }
    },
    "js-tokens": {
      "version": "4.0.0"
    },
    "loose-envify": {
      "version": "1.4.0",
      "requires": {
        "js-tokens": "^3.0.0 || ^4.0.0"
      }
    },
    "object-assign": {
      "version": "4.1.1"
    },
    "prop-types": {
      "version": "15.8.1",
      "requires": {
        "loose-envify": "^1.4.0",
        "object-assign": "^4.1.1",
        "react-is": "^16.13.1"
      },
      "dependencies": {
        "react-is": {
          "version": "16.13.1"
        }
      }
    },
    "react": {
      "version": "18.2.0",
      "peer": true,
      "requires": {
        "loose-envify": "^1.1.0"
      }
    },
    "react-dom": {
      "version": "18.2.0",
      "peer": true,
      "requires": {
        "loose-envify": "^1.1.0",
        "scheduler": "^0.23.0"
      }
    },
    "react-transition-group": {
      "version": "4.4.5",
      "requires": {
        "@babel/runtime": "^7.5.5",
        "dom-helpers": "^5.0.1",
        "loose-envify": "^1.4.0",
        "prop-types": "^15.6.2"
      }
    },
    "regenerator-runtime": {
      "version": "0.13.11"
    },
    "scheduler": {
      "version": "0.23.0",
      "peer": true,
      "requires": {
        "loose-envify": "^1.1.0"
      }
    },
    "stylis": {
      "version": "4.1.3",
      "resolved": "https://registry.npmjs.org/stylis/-/stylis-4.1.3.tgz",
      "integrity": "sha512-GP6WDNWf+o403jrEp9c5jibKavrtLW+/qYGhFxFrG8maXhwTBI7gLLhiBb0o7uFccWN+EOS9aMO6cGHWAO07OA=="
    }
  }
}
